// !$*UTF8*$!
{
	archiveVersion = 1;
	classes = {
	};
	objectVersion = 46;
	objects = {

/* Begin PBXBuildFile section */
		D835DACE1DB88AFE00AEB2A5 /* AddViewControllerCollectionCell.swift in Sources */ = {isa = PBXBuildFile; fileRef = D835DACC1DB88AFE00AEB2A5 /* AddViewControllerCollectionCell.swift */; };
		D835DACF1DB88AFE00AEB2A5 /* AddViewControllerCollectionCell.xib in Resources */ = {isa = PBXBuildFile; fileRef = D835DACD1DB88AFE00AEB2A5 /* AddViewControllerCollectionCell.xib */; };
		D835DAD11DB8917700AEB2A5 /* array.plist in Resources */ = {isa = PBXBuildFile; fileRef = D835DAD01DB8917700AEB2A5 /* array.plist */; };
		D835DAD31DB8919600AEB2A5 /* AddViewControllerModel.swift in Sources */ = {isa = PBXBuildFile; fileRef = D835DAD21DB8919600AEB2A5 /* AddViewControllerModel.swift */; };
		D835DAD61DB8C9DE00AEB2A5 /* HomeCell.swift in Sources */ = {isa = PBXBuildFile; fileRef = D835DAD41DB8C9DE00AEB2A5 /* HomeCell.swift */; };
		D835DAD71DB8C9DE00AEB2A5 /* HomeCell.xib in Resources */ = {isa = PBXBuildFile; fileRef = D835DAD51DB8C9DE00AEB2A5 /* HomeCell.xib */; };
		D848C6E81DAE858D00A804A9 /* AppDelegate.swift in Sources */ = {isa = PBXBuildFile; fileRef = D848C6E71DAE858D00A804A9 /* AppDelegate.swift */; };
		D848C6EF1DAE858D00A804A9 /* Assets.xcassets in Resources */ = {isa = PBXBuildFile; fileRef = D848C6EE1DAE858D00A804A9 /* Assets.xcassets */; };
		D848C6F21DAE858D00A804A9 /* LaunchScreen.storyboard in Resources */ = {isa = PBXBuildFile; fileRef = D848C6F01DAE858D00A804A9 /* LaunchScreen.storyboard */; };
		D848C6FD1DAE858D00A804A9 /* SimpleCostTests.swift in Sources */ = {isa = PBXBuildFile; fileRef = D848C6FC1DAE858D00A804A9 /* SimpleCostTests.swift */; };
		D848C7081DAE858D00A804A9 /* SimpleCostUITests.swift in Sources */ = {isa = PBXBuildFile; fileRef = D848C7071DAE858D00A804A9 /* SimpleCostUITests.swift */; };
		D848C7271DAE866E00A804A9 /* MainNavigationController.swift in Sources */ = {isa = PBXBuildFile; fileRef = D848C7261DAE866E00A804A9 /* MainNavigationController.swift */; };
		D85EC4AA1DB74FD200B97A50 /* CommonTool.swift in Sources */ = {isa = PBXBuildFile; fileRef = D85EC4A91DB74FD200B97A50 /* CommonTool.swift */; };
		D85EC4AC1DB7509800B97A50 /* BaseViewController.swift in Sources */ = {isa = PBXBuildFile; fileRef = D85EC4AB1DB7509800B97A50 /* BaseViewController.swift */; };
		D85EC4AF1DB7514E00B97A50 /* HomeViewController.swift in Sources */ = {isa = PBXBuildFile; fileRef = D85EC4AD1DB7514E00B97A50 /* HomeViewController.swift */; };
		D85EC4B01DB7514E00B97A50 /* HomeViewController.xib in Resources */ = {isa = PBXBuildFile; fileRef = D85EC4AE1DB7514E00B97A50 /* HomeViewController.xib */; };
		D85EC4B31DB7515A00B97A50 /* MonthViewController.swift in Sources */ = {isa = PBXBuildFile; fileRef = D85EC4B11DB7515A00B97A50 /* MonthViewController.swift */; };
		D85EC4B41DB7515A00B97A50 /* MonthViewController.xib in Resources */ = {isa = PBXBuildFile; fileRef = D85EC4B21DB7515A00B97A50 /* MonthViewController.xib */; };
		D85EC4BC1DB765D700B97A50 /* AddViewController.swift in Sources */ = {isa = PBXBuildFile; fileRef = D85EC4BA1DB765D700B97A50 /* AddViewController.swift */; };
		D85EC4BD1DB765D700B97A50 /* AddViewController.xib in Resources */ = {isa = PBXBuildFile; fileRef = D85EC4BB1DB765D700B97A50 /* AddViewController.xib */; };
		D87824A21DBDFC0100D47A90 /* CostModel.swift in Sources */ = {isa = PBXBuildFile; fileRef = D87824A01DBDFC0100D47A90 /* CostModel.swift */; };
		D87824A31DBDFC0100D47A90 /* HomeModel.swift in Sources */ = {isa = PBXBuildFile; fileRef = D87824A11DBDFC0100D47A90 /* HomeModel.swift */; };
		D89653C71DBF38DE0081B4ED /* HomeHeaderCell.swift in Sources */ = {isa = PBXBuildFile; fileRef = D89653C51DBF38DE0081B4ED /* HomeHeaderCell.swift */; };
		D89653C81DBF38DE0081B4ED /* HomeHeaderCell.xib in Resources */ = {isa = PBXBuildFile; fileRef = D89653C61DBF38DE0081B4ED /* HomeHeaderCell.xib */; };
/* End PBXBuildFile section */

/* Begin PBXContainerItemProxy section */
		D848C6F91DAE858D00A804A9 /* PBXContainerItemProxy */ = {
			isa = PBXContainerItemProxy;
			containerPortal = D848C6DC1DAE858C00A804A9 /* Project object */;
			proxyType = 1;
			remoteGlobalIDString = D848C6E31DAE858C00A804A9;
			remoteInfo = SimpleCost;
		};
		D848C7041DAE858D00A804A9 /* PBXContainerItemProxy */ = {
			isa = PBXContainerItemProxy;
			containerPortal = D848C6DC1DAE858C00A804A9 /* Project object */;
			proxyType = 1;
			remoteGlobalIDString = D848C6E31DAE858C00A804A9;
			remoteInfo = SimpleCost;
		};
/* End PBXContainerItemProxy section */

/* Begin PBXFileReference section */
		D835DACC1DB88AFE00AEB2A5 /* AddViewControllerCollectionCell.swift */ = {isa = PBXFileReference; fileEncoding = 4; lastKnownFileType = sourcecode.swift; path = AddViewControllerCollectionCell.swift; sourceTree = "<group>"; };
		D835DACD1DB88AFE00AEB2A5 /* AddViewControllerCollectionCell.xib */ = {isa = PBXFileReference; fileEncoding = 4; lastKnownFileType = file.xib; path = AddViewControllerCollectionCell.xib; sourceTree = "<group>"; };
		D835DAD01DB8917700AEB2A5 /* array.plist */ = {isa = PBXFileReference; fileEncoding = 4; lastKnownFileType = text.plist.xml; path = array.plist; sourceTree = "<group>"; };
		D835DAD21DB8919600AEB2A5 /* AddViewControllerModel.swift */ = {isa = PBXFileReference; fileEncoding = 4; lastKnownFileType = sourcecode.swift; path = AddViewControllerModel.swift; sourceTree = "<group>"; };
		D835DAD41DB8C9DE00AEB2A5 /* HomeCell.swift */ = {isa = PBXFileReference; fileEncoding = 4; lastKnownFileType = sourcecode.swift; path = HomeCell.swift; sourceTree = "<group>"; };
		D835DAD51DB8C9DE00AEB2A5 /* HomeCell.xib */ = {isa = PBXFileReference; fileEncoding = 4; lastKnownFileType = file.xib; path = HomeCell.xib; sourceTree = "<group>"; };
		D848C6E41DAE858D00A804A9 /* SimpleCost.app */ = {isa = PBXFileReference; explicitFileType = wrapper.application; includeInIndex = 0; path = SimpleCost.app; sourceTree = BUILT_PRODUCTS_DIR; };
		D848C6E71DAE858D00A804A9 /* AppDelegate.swift */ = {isa = PBXFileReference; lastKnownFileType = sourcecode.swift; path = AppDelegate.swift; sourceTree = "<group>"; };
		D848C6EE1DAE858D00A804A9 /* Assets.xcassets */ = {isa = PBXFileReference; lastKnownFileType = folder.assetcatalog; path = Assets.xcassets; sourceTree = "<group>"; };
		D848C6F11DAE858D00A804A9 /* Base */ = {isa = PBXFileReference; lastKnownFileType = file.storyboard; name = Base; path = Base.lproj/LaunchScreen.storyboard; sourceTree = "<group>"; };
		D848C6F31DAE858D00A804A9 /* Info.plist */ = {isa = PBXFileReference; lastKnownFileType = text.plist.xml; path = Info.plist; sourceTree = "<group>"; };
		D848C6F81DAE858D00A804A9 /* SimpleCostTests.xctest */ = {isa = PBXFileReference; explicitFileType = wrapper.cfbundle; includeInIndex = 0; path = SimpleCostTests.xctest; sourceTree = BUILT_PRODUCTS_DIR; };
		D848C6FC1DAE858D00A804A9 /* SimpleCostTests.swift */ = {isa = PBXFileReference; lastKnownFileType = sourcecode.swift; path = SimpleCostTests.swift; sourceTree = "<group>"; };
		D848C6FE1DAE858D00A804A9 /* Info.plist */ = {isa = PBXFileReference; lastKnownFileType = text.plist.xml; path = Info.plist; sourceTree = "<group>"; };
		D848C7031DAE858D00A804A9 /* SimpleCostUITests.xctest */ = {isa = PBXFileReference; explicitFileType = wrapper.cfbundle; includeInIndex = 0; path = SimpleCostUITests.xctest; sourceTree = BUILT_PRODUCTS_DIR; };
		D848C7071DAE858D00A804A9 /* SimpleCostUITests.swift */ = {isa = PBXFileReference; lastKnownFileType = sourcecode.swift; path = SimpleCostUITests.swift; sourceTree = "<group>"; };
		D848C7091DAE858D00A804A9 /* Info.plist */ = {isa = PBXFileReference; lastKnownFileType = text.plist.xml; path = Info.plist; sourceTree = "<group>"; };
		D848C7261DAE866E00A804A9 /* MainNavigationController.swift */ = {isa = PBXFileReference; fileEncoding = 4; lastKnownFileType = sourcecode.swift; path = MainNavigationController.swift; sourceTree = "<group>"; };
		D85EC4A91DB74FD200B97A50 /* CommonTool.swift */ = {isa = PBXFileReference; fileEncoding = 4; lastKnownFileType = sourcecode.swift; path = CommonTool.swift; sourceTree = "<group>"; };
		D85EC4AB1DB7509800B97A50 /* BaseViewController.swift */ = {isa = PBXFileReference; fileEncoding = 4; lastKnownFileType = sourcecode.swift; path = BaseViewController.swift; sourceTree = "<group>"; };
		D85EC4AD1DB7514E00B97A50 /* HomeViewController.swift */ = {isa = PBXFileReference; fileEncoding = 4; lastKnownFileType = sourcecode.swift; path = HomeViewController.swift; sourceTree = "<group>"; };
		D85EC4AE1DB7514E00B97A50 /* HomeViewController.xib */ = {isa = PBXFileReference; fileEncoding = 4; lastKnownFileType = file.xib; path = HomeViewController.xib; sourceTree = "<group>"; };
		D85EC4B11DB7515A00B97A50 /* MonthViewController.swift */ = {isa = PBXFileReference; fileEncoding = 4; lastKnownFileType = sourcecode.swift; path = MonthViewController.swift; sourceTree = "<group>"; };
		D85EC4B21DB7515A00B97A50 /* MonthViewController.xib */ = {isa = PBXFileReference; fileEncoding = 4; lastKnownFileType = file.xib; path = MonthViewController.xib; sourceTree = "<group>"; };
		D85EC4BA1DB765D700B97A50 /* AddViewController.swift */ = {isa = PBXFileReference; fileEncoding = 4; lastKnownFileType = sourcecode.swift; path = AddViewController.swift; sourceTree = "<group>"; };
		D85EC4BB1DB765D700B97A50 /* AddViewController.xib */ = {isa = PBXFileReference; fileEncoding = 4; lastKnownFileType = file.xib; path = AddViewController.xib; sourceTree = "<group>"; };
		D87824A01DBDFC0100D47A90 /* CostModel.swift */ = {isa = PBXFileReference; fileEncoding = 4; lastKnownFileType = sourcecode.swift; path = CostModel.swift; sourceTree = "<group>"; };
		D87824A11DBDFC0100D47A90 /* HomeModel.swift */ = {isa = PBXFileReference; fileEncoding = 4; lastKnownFileType = sourcecode.swift; path = HomeModel.swift; sourceTree = "<group>"; };
		D89653C51DBF38DE0081B4ED /* HomeHeaderCell.swift */ = {isa = PBXFileReference; fileEncoding = 4; lastKnownFileType = sourcecode.swift; path = HomeHeaderCell.swift; sourceTree = "<group>"; };
		D89653C61DBF38DE0081B4ED /* HomeHeaderCell.xib */ = {isa = PBXFileReference; fileEncoding = 4; lastKnownFileType = file.xib; path = HomeHeaderCell.xib; sourceTree = "<group>"; };
/* End PBXFileReference section */

/* Begin PBXFrameworksBuildPhase section */
		D848C6E11DAE858C00A804A9 /* Frameworks */ = {
			isa = PBXFrameworksBuildPhase;
			buildActionMask = 2147483647;
			files = (
			);
			runOnlyForDeploymentPostprocessing = 0;
		};
		D848C6F51DAE858D00A804A9 /* Frameworks */ = {
			isa = PBXFrameworksBuildPhase;
			buildActionMask = 2147483647;
			files = (
			);
			runOnlyForDeploymentPostprocessing = 0;
		};
		D848C7001DAE858D00A804A9 /* Frameworks */ = {
			isa = PBXFrameworksBuildPhase;
			buildActionMask = 2147483647;
			files = (
			);
			runOnlyForDeploymentPostprocessing = 0;
		};
/* End PBXFrameworksBuildPhase section */

/* Begin PBXGroup section */
		D848C6DB1DAE858C00A804A9 = {
			isa = PBXGroup;
			children = (
				D848C6E61DAE858D00A804A9 /* SimpleCost */,
				D848C6FB1DAE858D00A804A9 /* SimpleCostTests */,
				D848C7061DAE858D00A804A9 /* SimpleCostUITests */,
				D848C6E51DAE858D00A804A9 /* Products */,
			);
			sourceTree = "<group>";
		};
		D848C6E51DAE858D00A804A9 /* Products */ = {
			isa = PBXGroup;
			children = (
				D848C6E41DAE858D00A804A9 /* SimpleCost.app */,
				D848C6F81DAE858D00A804A9 /* SimpleCostTests.xctest */,
				D848C7031DAE858D00A804A9 /* SimpleCostUITests.xctest */,
			);
			name = Products;
			sourceTree = "<group>";
		};
		D848C6E61DAE858D00A804A9 /* SimpleCost */ = {
			isa = PBXGroup;
			children = (
				D848C6E71DAE858D00A804A9 /* AppDelegate.swift */,
				D848C6EE1DAE858D00A804A9 /* Assets.xcassets */,
				D848C6F01DAE858D00A804A9 /* LaunchScreen.storyboard */,
				D848C6F31DAE858D00A804A9 /* Info.plist */,
				D848C7171DAE865400A804A9 /* Classes */,
			);
			path = SimpleCost;
			sourceTree = "<group>";
		};
		D848C6FB1DAE858D00A804A9 /* SimpleCostTests */ = {
			isa = PBXGroup;
			children = (
				D848C6FC1DAE858D00A804A9 /* SimpleCostTests.swift */,
				D848C6FE1DAE858D00A804A9 /* Info.plist */,
			);
			path = SimpleCostTests;
			sourceTree = "<group>";
		};
		D848C7061DAE858D00A804A9 /* SimpleCostUITests */ = {
			isa = PBXGroup;
			children = (
				D848C7071DAE858D00A804A9 /* SimpleCostUITests.swift */,
				D848C7091DAE858D00A804A9 /* Info.plist */,
			);
			path = SimpleCostUITests;
			sourceTree = "<group>";
		};
		D848C7171DAE865400A804A9 /* Classes */ = {
			isa = PBXGroup;
			children = (
				D848C7181DAE865400A804A9 /* Common */,
				D848C7191DAE865400A804A9 /* Home */,
				D848C7231DAE865400A804A9 /* Main */,
				D848C7241DAE865400A804A9 /* Other */,
				D848C7251DAE865400A804A9 /* Resource */,
			);
			path = Classes;
			sourceTree = "<group>";
		};
		D848C7181DAE865400A804A9 /* Common */ = {
			isa = PBXGroup;
			children = (
				D85EC4A91DB74FD200B97A50 /* CommonTool.swift */,
			);
			path = Common;
			sourceTree = "<group>";
		};
		D848C7191DAE865400A804A9 /* Home */ = {
			isa = PBXGroup;
			children = (
				D848C71A1DAE865400A804A9 /* Controller */,
				D848C7201DAE865400A804A9 /* Model */,
				D848C7211DAE865400A804A9 /* Tool */,
				D848C7221DAE865400A804A9 /* View */,
			);
			path = Home;
			sourceTree = "<group>";
		};
		D848C71A1DAE865400A804A9 /* Controller */ = {
			isa = PBXGroup;
			children = (
				D85EC4B51DB765C600B97A50 /* Add */,
				D848C71B1DAE865400A804A9 /* Month */,
				D85EC4AD1DB7514E00B97A50 /* HomeViewController.swift */,
				D85EC4AE1DB7514E00B97A50 /* HomeViewController.xib */,
			);
			path = Controller;
			sourceTree = "<group>";
		};
		D848C71B1DAE865400A804A9 /* Month */ = {
			isa = PBXGroup;
			children = (
				D848C71C1DAE865400A804A9 /* Controller */,
				D848C71D1DAE865400A804A9 /* Model */,
				D848C71E1DAE865400A804A9 /* Tool */,
				D848C71F1DAE865400A804A9 /* View */,
			);
			path = Month;
			sourceTree = "<group>";
		};
		D848C71C1DAE865400A804A9 /* Controller */ = {
			isa = PBXGroup;
			children = (
				D85EC4B11DB7515A00B97A50 /* MonthViewController.swift */,
				D85EC4B21DB7515A00B97A50 /* MonthViewController.xib */,
			);
			path = Controller;
			sourceTree = "<group>";
		};
		D848C71D1DAE865400A804A9 /* Model */ = {
			isa = PBXGroup;
			children = (
			);
			path = Model;
			sourceTree = "<group>";
		};
		D848C71E1DAE865400A804A9 /* Tool */ = {
			isa = PBXGroup;
			children = (
			);
			path = Tool;
			sourceTree = "<group>";
		};
		D848C71F1DAE865400A804A9 /* View */ = {
			isa = PBXGroup;
			children = (
			);
			path = View;
			sourceTree = "<group>";
		};
		D848C7201DAE865400A804A9 /* Model */ = {
			isa = PBXGroup;
			children = (
				D87824A01DBDFC0100D47A90 /* CostModel.swift */,
				D87824A11DBDFC0100D47A90 /* HomeModel.swift */,
			);
			path = Model;
			sourceTree = "<group>";
		};
		D848C7211DAE865400A804A9 /* Tool */ = {
			isa = PBXGroup;
			children = (
			);
			path = Tool;
			sourceTree = "<group>";
		};
		D848C7221DAE865400A804A9 /* View */ = {
			isa = PBXGroup;
			children = (
				D835DAD41DB8C9DE00AEB2A5 /* HomeCell.swift */,
				D835DAD51DB8C9DE00AEB2A5 /* HomeCell.xib */,
				D89653C51DBF38DE0081B4ED /* HomeHeaderCell.swift */,
				D89653C61DBF38DE0081B4ED /* HomeHeaderCell.xib */,
			);
			path = View;
			sourceTree = "<group>";
		};
		D848C7231DAE865400A804A9 /* Main */ = {
			isa = PBXGroup;
			children = (
				D848C7261DAE866E00A804A9 /* MainNavigationController.swift */,
				D85EC4AB1DB7509800B97A50 /* BaseViewController.swift */,
			);
			path = Main;
			sourceTree = "<group>";
		};
		D848C7241DAE865400A804A9 /* Other */ = {
			isa = PBXGroup;
			children = (
			);
			path = Other;
			sourceTree = "<group>";
		};
		D848C7251DAE865400A804A9 /* Resource */ = {
			isa = PBXGroup;
			children = (
			);
			path = Resource;
			sourceTree = "<group>";
		};
		D85EC4B51DB765C600B97A50 /* Add */ = {
			isa = PBXGroup;
			children = (
				D85EC4B61DB765C600B97A50 /* Controller */,
				D85EC4B71DB765C600B97A50 /* Model */,
				D85EC4B81DB765C600B97A50 /* Tool */,
				D85EC4B91DB765C600B97A50 /* View */,
			);
			path = Add;
			sourceTree = "<group>";
		};
		D85EC4B61DB765C600B97A50 /* Controller */ = {
			isa = PBXGroup;
			children = (
				D85EC4BA1DB765D700B97A50 /* AddViewController.swift */,
				D85EC4BB1DB765D700B97A50 /* AddViewController.xib */,
			);
			path = Controller;
			sourceTree = "<group>";
		};
		D85EC4B71DB765C600B97A50 /* Model */ = {
			isa = PBXGroup;
			children = (
				D835DAD01DB8917700AEB2A5 /* array.plist */,
				D835DAD21DB8919600AEB2A5 /* AddViewControllerModel.swift */,
			);
			path = Model;
			sourceTree = "<group>";
		};
		D85EC4B81DB765C600B97A50 /* Tool */ = {
			isa = PBXGroup;
			children = (
			);
			path = Tool;
			sourceTree = "<group>";
		};
		D85EC4B91DB765C600B97A50 /* View */ = {
			isa = PBXGroup;
			children = (
				D835DACC1DB88AFE00AEB2A5 /* AddViewControllerCollectionCell.swift */,
				D835DACD1DB88AFE00AEB2A5 /* AddViewControllerCollectionCell.xib */,
			);
			path = View;
			sourceTree = "<group>";
		};
/* End PBXGroup section */

/* Begin PBXNativeTarget section */
		D848C6E31DAE858C00A804A9 /* SimpleCost */ = {
			isa = PBXNativeTarget;
			buildConfigurationList = D848C70C1DAE858D00A804A9 /* Build configuration list for PBXNativeTarget "SimpleCost" */;
			buildPhases = (
				D848C6E01DAE858C00A804A9 /* Sources */,
				D848C6E11DAE858C00A804A9 /* Frameworks */,
				D848C6E21DAE858C00A804A9 /* Resources */,
			);
			buildRules = (
			);
			dependencies = (
			);
			name = SimpleCost;
			productName = SimpleCost;
			productReference = D848C6E41DAE858D00A804A9 /* SimpleCost.app */;
			productType = "com.apple.product-type.application";
		};
		D848C6F71DAE858D00A804A9 /* SimpleCostTests */ = {
			isa = PBXNativeTarget;
			buildConfigurationList = D848C70F1DAE858D00A804A9 /* Build configuration list for PBXNativeTarget "SimpleCostTests" */;
			buildPhases = (
				D848C6F41DAE858D00A804A9 /* Sources */,
				D848C6F51DAE858D00A804A9 /* Frameworks */,
				D848C6F61DAE858D00A804A9 /* Resources */,
			);
			buildRules = (
			);
			dependencies = (
				D848C6FA1DAE858D00A804A9 /* PBXTargetDependency */,
			);
			name = SimpleCostTests;
			productName = SimpleCostTests;
			productReference = D848C6F81DAE858D00A804A9 /* SimpleCostTests.xctest */;
			productType = "com.apple.product-type.bundle.unit-test";
		};
		D848C7021DAE858D00A804A9 /* SimpleCostUITests */ = {
			isa = PBXNativeTarget;
			buildConfigurationList = D848C7121DAE858D00A804A9 /* Build configuration list for PBXNativeTarget "SimpleCostUITests" */;
			buildPhases = (
				D848C6FF1DAE858D00A804A9 /* Sources */,
				D848C7001DAE858D00A804A9 /* Frameworks */,
				D848C7011DAE858D00A804A9 /* Resources */,
			);
			buildRules = (
			);
			dependencies = (
				D848C7051DAE858D00A804A9 /* PBXTargetDependency */,
			);
			name = SimpleCostUITests;
			productName = SimpleCostUITests;
			productReference = D848C7031DAE858D00A804A9 /* SimpleCostUITests.xctest */;
			productType = "com.apple.product-type.bundle.ui-testing";
		};
/* End PBXNativeTarget section */

/* Begin PBXProject section */
		D848C6DC1DAE858C00A804A9 /* Project object */ = {
			isa = PBXProject;
			attributes = {
				LastSwiftUpdateCheck = 0800;
				LastUpgradeCheck = 0800;
				ORGANIZATIONNAME = joe;
				TargetAttributes = {
					D848C6E31DAE858C00A804A9 = {
						CreatedOnToolsVersion = 8.0;
						DevelopmentTeam = GA2HZ4U725;
						ProvisioningStyle = Automatic;
					};
					D848C6F71DAE858D00A804A9 = {
						CreatedOnToolsVersion = 8.0;
						ProvisioningStyle = Automatic;
						TestTargetID = D848C6E31DAE858C00A804A9;
					};
					D848C7021DAE858D00A804A9 = {
						CreatedOnToolsVersion = 8.0;
						ProvisioningStyle = Automatic;
						TestTargetID = D848C6E31DAE858C00A804A9;
					};
				};
			};
			buildConfigurationList = D848C6DF1DAE858C00A804A9 /* Build configuration list for PBXProject "SimpleCost" */;
			compatibilityVersion = "Xcode 3.2";
			developmentRegion = English;
			hasScannedForEncodings = 0;
			knownRegions = (
				en,
				Base,
			);
			mainGroup = D848C6DB1DAE858C00A804A9;
			productRefGroup = D848C6E51DAE858D00A804A9 /* Products */;
			projectDirPath = "";
			projectRoot = "";
			targets = (
				D848C6E31DAE858C00A804A9 /* SimpleCost */,
				D848C6F71DAE858D00A804A9 /* SimpleCostTests */,
				D848C7021DAE858D00A804A9 /* SimpleCostUITests */,
			);
		};
/* End PBXProject section */

/* Begin PBXResourcesBuildPhase section */
		D848C6E21DAE858C00A804A9 /* Resources */ = {
			isa = PBXResourcesBuildPhase;
			buildActionMask = 2147483647;
			files = (
				D835DAD11DB8917700AEB2A5 /* array.plist in Resources */,
				D835DACF1DB88AFE00AEB2A5 /* AddViewControllerCollectionCell.xib in Resources */,
				D848C6F21DAE858D00A804A9 /* LaunchScreen.storyboard in Resources */,
				D85EC4B41DB7515A00B97A50 /* MonthViewController.xib in Resources */,
				D89653C81DBF38DE0081B4ED /* HomeHeaderCell.xib in Resources */,
				D85EC4BD1DB765D700B97A50 /* AddViewController.xib in Resources */,
				D848C6EF1DAE858D00A804A9 /* Assets.xcassets in Resources */,
				D835DAD71DB8C9DE00AEB2A5 /* HomeCell.xib in Resources */,
				D85EC4B01DB7514E00B97A50 /* HomeViewController.xib in Resources */,
			);
			runOnlyForDeploymentPostprocessing = 0;
		};
		D848C6F61DAE858D00A804A9 /* Resources */ = {
			isa = PBXResourcesBuildPhase;
			buildActionMask = 2147483647;
			files = (
			);
			runOnlyForDeploymentPostprocessing = 0;
		};
		D848C7011DAE858D00A804A9 /* Resources */ = {
			isa = PBXResourcesBuildPhase;
			buildActionMask = 2147483647;
			files = (
			);
			runOnlyForDeploymentPostprocessing = 0;
		};
/* End PBXResourcesBuildPhase section */

/* Begin PBXSourcesBuildPhase section */
		D848C6E01DAE858C00A804A9 /* Sources */ = {
			isa = PBXSourcesBuildPhase;
			buildActionMask = 2147483647;
			files = (
				D85EC4AF1DB7514E00B97A50 /* HomeViewController.swift in Sources */,
				D848C7271DAE866E00A804A9 /* MainNavigationController.swift in Sources */,
				D85EC4BC1DB765D700B97A50 /* AddViewController.swift in Sources */,
				D85EC4AC1DB7509800B97A50 /* BaseViewController.swift in Sources */,
				D835DAD61DB8C9DE00AEB2A5 /* HomeCell.swift in Sources */,
				D89653C71DBF38DE0081B4ED /* HomeHeaderCell.swift in Sources */,
				D835DACE1DB88AFE00AEB2A5 /* AddViewControllerCollectionCell.swift in Sources */,
				D85EC4AA1DB74FD200B97A50 /* CommonTool.swift in Sources */,
				D848C6E81DAE858D00A804A9 /* AppDelegate.swift in Sources */,
				D87824A31DBDFC0100D47A90 /* HomeModel.swift in Sources */,
				D835DAD31DB8919600AEB2A5 /* AddViewControllerModel.swift in Sources */,
				D87824A21DBDFC0100D47A90 /* CostModel.swift in Sources */,
				D85EC4B31DB7515A00B97A50 /* MonthViewController.swift in Sources */,
			);
			runOnlyForDeploymentPostprocessing = 0;
		};
		D848C6F41DAE858D00A804A9 /* Sources */ = {
			isa = PBXSourcesBuildPhase;
			buildActionMask = 2147483647;
			files = (
				D848C6FD1DAE858D00A804A9 /* SimpleCostTests.swift in Sources */,
			);
			runOnlyForDeploymentPostprocessing = 0;
		};
		D848C6FF1DAE858D00A804A9 /* Sources */ = {
			isa = PBXSourcesBuildPhase;
			buildActionMask = 2147483647;
			files = (
				D848C7081DAE858D00A804A9 /* SimpleCostUITests.swift in Sources */,
			);
			runOnlyForDeploymentPostprocessing = 0;
		};
/* End PBXSourcesBuildPhase section */

/* Begin PBXTargetDependency section */
		D848C6FA1DAE858D00A804A9 /* PBXTargetDependency */ = {
			isa = PBXTargetDependency;
			target = D848C6E31DAE858C00A804A9 /* SimpleCost */;
			targetProxy = D848C6F91DAE858D00A804A9 /* PBXContainerItemProxy */;
		};
		D848C7051DAE858D00A804A9 /* PBXTargetDependency */ = {
			isa = PBXTargetDependency;
			target = D848C6E31DAE858C00A804A9 /* SimpleCost */;
			targetProxy = D848C7041DAE858D00A804A9 /* PBXContainerItemProxy */;
		};
/* End PBXTargetDependency section */

/* Begin PBXVariantGroup section */
		D848C6F01DAE858D00A804A9 /* LaunchScreen.storyboard */ = {
			isa = PBXVariantGroup;
			children = (
				D848C6F11DAE858D00A804A9 /* Base */,
			);
			name = LaunchScreen.storyboard;
			sourceTree = "<group>";
		};
/* End PBXVariantGroup section */

/* Begin XCBuildConfiguration section */
		D848C70A1DAE858D00A804A9 /* Debug */ = {
			isa = XCBuildConfiguration;
			buildSettings = {
				ALWAYS_SEARCH_USER_PATHS = NO;
				CLANG_ANALYZER_NONNULL = YES;
				CLANG_CXX_LANGUAGE_STANDARD = "gnu++0x";
				CLANG_CXX_LIBRARY = "libc++";
				CLANG_ENABLE_MODULES = YES;
				CLANG_ENABLE_OBJC_ARC = YES;
				CLANG_WARN_BOOL_CONVERSION = YES;
				CLANG_WARN_CONSTANT_CONVERSION = YES;
				CLANG_WARN_DIRECT_OBJC_ISA_USAGE = YES_ERROR;
				CLANG_WARN_DOCUMENTATION_COMMENTS = YES;
				CLANG_WARN_EMPTY_BODY = YES;
				CLANG_WARN_ENUM_CONVERSION = YES;
				CLANG_WARN_INFINITE_RECURSION = YES;
				CLANG_WARN_INT_CONVERSION = YES;
				CLANG_WARN_OBJC_ROOT_CLASS = YES_ERROR;
				CLANG_WARN_SUSPICIOUS_MOVES = YES;
				CLANG_WARN_UNREACHABLE_CODE = YES;
				CLANG_WARN__DUPLICATE_METHOD_MATCH = YES;
				"CODE_SIGN_IDENTITY[sdk=iphoneos*]" = "iPhone Developer";
				COPY_PHASE_STRIP = NO;
				DEBUG_INFORMATION_FORMAT = dwarf;
				ENABLE_STRICT_OBJC_MSGSEND = YES;
				ENABLE_TESTABILITY = YES;
				GCC_C_LANGUAGE_STANDARD = gnu99;
				GCC_DYNAMIC_NO_PIC = NO;
				GCC_NO_COMMON_BLOCKS = YES;
				GCC_OPTIMIZATION_LEVEL = 0;
				GCC_PREPROCESSOR_DEFINITIONS = (
					"DEBUG=1",
					"$(inherited)",
				);
				GCC_WARN_64_TO_32_BIT_CONVERSION = YES;
				GCC_WARN_ABOUT_RETURN_TYPE = YES_ERROR;
				GCC_WARN_UNDECLARED_SELECTOR = YES;
				GCC_WARN_UNINITIALIZED_AUTOS = YES_AGGRESSIVE;
				GCC_WARN_UNUSED_FUNCTION = YES;
				GCC_WARN_UNUSED_VARIABLE = YES;
				IPHONEOS_DEPLOYMENT_TARGET = 10.0;
				MTL_ENABLE_DEBUG_INFO = YES;
				ONLY_ACTIVE_ARCH = YES;
				SDKROOT = iphoneos;
				SWIFT_ACTIVE_COMPILATION_CONDITIONS = DEBUG;
				SWIFT_OPTIMIZATION_LEVEL = "-Onone";
			};
			name = Debug;
		};
		D848C70B1DAE858D00A804A9 /* Release */ = {
			isa = XCBuildConfiguration;
			buildSettings = {
				ALWAYS_SEARCH_USER_PATHS = NO;
				CLANG_ANALYZER_NONNULL = YES;
				CLANG_CXX_LANGUAGE_STANDARD = "gnu++0x";
				CLANG_CXX_LIBRARY = "libc++";
				CLANG_ENABLE_MODULES = YES;
				CLANG_ENABLE_OBJC_ARC = YES;
				CLANG_WARN_BOOL_CONVERSION = YES;
				CLANG_WARN_CONSTANT_CONVERSION = YES;
				CLANG_WARN_DIRECT_OBJC_ISA_USAGE = YES_ERROR;
				CLANG_WARN_DOCUMENTATION_COMMENTS = YES;
				CLANG_WARN_EMPTY_BODY = YES;
				CLANG_WARN_ENUM_CONVERSION = YES;
				CLANG_WARN_INFINITE_RECURSION = YES;
				CLANG_WARN_INT_CONVERSION = YES;
				CLANG_WARN_OBJC_ROOT_CLASS = YES_ERROR;
				CLANG_WARN_SUSPICIOUS_MOVES = YES;
				CLANG_WARN_UNREACHABLE_CODE = YES;
				CLANG_WARN__DUPLICATE_METHOD_MATCH = YES;
				"CODE_SIGN_IDENTITY[sdk=iphoneos*]" = "iPhone Developer";
				COPY_PHASE_STRIP = NO;
				DEBUG_INFORMATION_FORMAT = "dwarf-with-dsym";
				ENABLE_NS_ASSERTIONS = NO;
				ENABLE_STRICT_OBJC_MSGSEND = YES;
				GCC_C_LANGUAGE_STANDARD = gnu99;
				GCC_NO_COMMON_BLOCKS = YES;
				GCC_WARN_64_TO_32_BIT_CONVERSION = YES;
				GCC_WARN_ABOUT_RETURN_TYPE = YES_ERROR;
				GCC_WARN_UNDECLARED_SELECTOR = YES;
				GCC_WARN_UNINITIALIZED_AUTOS = YES_AGGRESSIVE;
				GCC_WARN_UNUSED_FUNCTION = YES;
				GCC_WARN_UNUSED_VARIABLE = YES;
				IPHONEOS_DEPLOYMENT_TARGET = 10.0;
				MTL_ENABLE_DEBUG_INFO = NO;
				SDKROOT = iphoneos;
				SWIFT_OPTIMIZATION_LEVEL = "-Owholemodule";
				VALIDATE_PRODUCT = YES;
			};
			name = Release;
		};
		D848C70D1DAE858D00A804A9 /* Debug */ = {
			isa = XCBuildConfiguration;
			buildSettings = {
				ASSETCATALOG_COMPILER_APPICON_NAME = AppIcon;
				DEVELOPMENT_TEAM = GA2HZ4U725;
				INFOPLIST_FILE = SimpleCost/Info.plist;
				IPHONEOS_DEPLOYMENT_TARGET = 8.0;
				LD_RUNPATH_SEARCH_PATHS = "$(inherited) @executable_path/Frameworks";
				PRODUCT_BUNDLE_IDENTIFIER = Joe.SimpleCost;
				PRODUCT_NAME = "$(TARGET_NAME)";
				SWIFT_VERSION = 3.0;
			};
			name = Debug;
		};
		D848C70E1DAE858D00A804A9 /* Release */ = {
			isa = XCBuildConfiguration;
			buildSettings = {
				ASSETCATALOG_COMPILER_APPICON_NAME = AppIcon;
				DEVELOPMENT_TEAM = GA2HZ4U725;
				INFOPLIST_FILE = SimpleCost/Info.plist;
				IPHONEOS_DEPLOYMENT_TARGET = 8.0;
				LD_RUNPATH_SEARCH_PATHS = "$(inherited) @executable_path/Frameworks";
				PRODUCT_BUNDLE_IDENTIFIER = Joe.SimpleCost;
				PRODUCT_NAME = "$(TARGET_NAME)";
				SWIFT_VERSION = 3.0;
			};
			name = Release;
		};
		D848C7101DAE858D00A804A9 /* Debug */ = {
			isa = XCBuildConfiguration;
			buildSettings = {
				ALWAYS_EMBED_SWIFT_STANDARD_LIBRARIES = YES;
				BUNDLE_LOADER = "$(TEST_HOST)";
				INFOPLIST_FILE = SimpleCostTests/Info.plist;
				LD_RUNPATH_SEARCH_PATHS = "$(inherited) @executable_path/Frameworks @loader_path/Frameworks";
				PRODUCT_BUNDLE_IDENTIFIER = Joe.SimpleCostTests;
				PRODUCT_NAME = "$(TARGET_NAME)";
				SWIFT_VERSION = 3.0;
				TEST_HOST = "$(BUILT_PRODUCTS_DIR)/SimpleCost.app/SimpleCost";
			};
			name = Debug;
		};
		D848C7111DAE858D00A804A9 /* Release */ = {
			isa = XCBuildConfiguration;
			buildSettings = {
				ALWAYS_EMBED_SWIFT_STANDARD_LIBRARIES = YES;
				BUNDLE_LOADER = "$(TEST_HOST)";
				INFOPLIST_FILE = SimpleCostTests/Info.plist;
				LD_RUNPATH_SEARCH_PATHS = "$(inherited) @executable_path/Frameworks @loader_path/Frameworks";
				PRODUCT_BUNDLE_IDENTIFIER = Joe.SimpleCostTests;
				PRODUCT_NAME = "$(TARGET_NAME)";
				SWIFT_VERSION = 3.0;
				TEST_HOST = "$(BUILT_PRODUCTS_DIR)/SimpleCost.app/SimpleCost";
			};
			name = Release;
		};
		D848C7131DAE858D00A804A9 /* Debug */ = {
			isa = XCBuildConfiguration;
			buildSettings = {
				ALWAYS_EMBED_SWIFT_STANDARD_LIBRARIES = YES;
				INFOPLIST_FILE = SimpleCostUITests/Info.plist;
				LD_RUNPATH_SEARCH_PATHS = "$(inherited) @executable_path/Frameworks @loader_path/Frameworks";
				PRODUCT_BUNDLE_IDENTIFIER = Joe.SimpleCostUITests;
				PRODUCT_NAME = "$(TARGET_NAME)";
				SWIFT_VERSION = 3.0;
				TEST_TARGET_NAME = SimpleCost;
			};
			name = Debug;
		};
		D848C7141DAE858D00A804A9 /* Release */ = {
			isa = XCBuildConfiguration;
			buildSettings = {
				ALWAYS_EMBED_SWIFT_STANDARD_LIBRARIES = YES;
				INFOPLIST_FILE = SimpleCostUITests/Info.plist;
				LD_RUNPATH_SEARCH_PATHS = "$(inherited) @executable_path/Frameworks @loader_path/Frameworks";
				PRODUCT_BUNDLE_IDENTIFIER = Joe.SimpleCostUITests;
				PRODUCT_NAME = "$(TARGET_NAME)";
				SWIFT_VERSION = 3.0;
				TEST_TARGET_NAME = SimpleCost;
			};
			name = Release;
		};
/* End XCBuildConfiguration section */

/* Begin XCConfigurationList section */
		D848C6DF1DAE858C00A804A9 /* Build configuration list for PBXProject "SimpleCost" */ = {
			isa = XCConfigurationList;
			buildConfigurations = (
				D848C70A1DAE858D00A804A9 /* Debug */,
				D848C70B1DAE858D00A804A9 /* Release */,
			);
			defaultConfigurationIsVisible = 0;
			defaultConfigurationName = Release;
		};
		D848C70C1DAE858D00A804A9 /* Build configuration list for PBXNativeTarget "SimpleCost" */ = {
			isa = XCConfigurationList;
			buildConfigurations = (
				D848C70D1DAE858D00A804A9 /* Debug */,
				D848C70E1DAE858D00A804A9 /* Release */,
			);
			defaultConfigurationIsVisible = 0;
			defaultConfigurationName = Release;
		};
		D848C70F1DAE858D00A804A9 /* Build configuration list for PBXNativeTarget "SimpleCostTests" */ = {
			isa = XCConfigurationList;
			buildConfigurations = (
				D848C7101DAE858D00A804A9 /* Debug */,
				D848C7111DAE858D00A804A9 /* Release */,
			);
			defaultConfigurationIsVisible = 0;
			defaultConfigurationName = Release;
		};
		D848C7121DAE858D00A804A9 /* Build configuration list for PBXNativeTarget "SimpleCostUITests" */ = {
			isa = XCConfigurationList;
			buildConfigurations = (
				D848C7131DAE858D00A804A9 /* Debug */,
				D848C7141DAE858D00A804A9 /* Release */,
			);
			defaultConfigurationIsVisible = 0;
			defaultConfigurationName = Release;
		};
/* End XCConfigurationList section */
	};
	rootObject = D848C6DC1DAE858C00A804A9 /* Project object */;
}
